{
  "version": 4,
  "terraform_version": "0.14.7",
  "serial": 4,
  "lineage": "51ac03b5-c0a2-3b5a-69d7-9769b3104c5a",
  "outputs": {},
  "resources": [
    {
      "mode": "managed",
      "type": "google_compute_instance",
      "name": "vm",
      "provider": "provider[\"registry.terraform.io/hashicorp/google\"]",
      "instances": [
        {
          "index_key": 0,
          "schema_version": 6,
          "attributes": {
            "allow_stopping_for_update": true,
            "attached_disk": [],
            "boot_disk": [
              {
                "auto_delete": true,
                "device_name": "persistent-disk-0",
                "disk_encryption_key_raw": "",
                "disk_encryption_key_sha256": "",
                "initialize_params": [
                  {
                    "image": "https://www.googleapis.com/compute/v1/projects/debian-cloud/global/images/debian-9-stretch-v20210217",
                    "labels": {},
                    "size": 10,
                    "type": "pd-standard"
                  }
                ],
                "kms_key_self_link": "",
                "mode": "READ_WRITE",
                "source": "https://www.googleapis.com/compute/v1/projects/balao-magico/zones/us-central1-a/disks/teste-vm-db-0"
              }
            ],
            "can_ip_forward": false,
            "confidential_instance_config": [],
            "cpu_platform": "Intel Haswell",
            "current_status": "RUNNING",
            "deletion_protection": false,
            "description": "",
            "desired_status": null,
            "enable_display": false,
            "guest_accelerator": [],
            "hostname": "",
            "id": "projects/balao-magico/zones/us-central1-a/instances/teste-vm-db-0",
            "instance_id": "9085682956280727550",
            "label_fingerprint": "42WmSpB8rSM=",
            "labels": null,
            "machine_type": "f1-micro",
            "metadata": {
              "ssh-keys": "admin:ssh-rsa AAAAB3NzaC1yc2EAAAADAQABAAABAQC9uYBWftQDm8HssI28rsx1lLvmBCbfF/MOVDoULTAlpvEc+jqVQ0/E/Ti1MZinZKxOz43zxA6MF/CNY7qZkDHQUp4/PE8P5USMPGcPAGA+MhN7UE1cZ7Ylbq2L2t+Zdkw43oBWCDanP+G2PzT3UomTseWE9JRvVboJ435kmnRgC3fOPUn5A3tPwj/5jpAXmb/4CvfFuIFc2HqzpfNIA4PcPa48HZfzGoQDu1pZEYyHw5LLX8JfKo79UzY/N75KBYarQ9g4OTai08JE7idxBcsn9aE29RM+EoHTdbbMo6He19ZRRnrNZQXbwO3InbHEs/BaOHwynvpXQsEm4M8gp6rT fribeiro@debian"
            },
            "metadata_fingerprint": "WjaLkdH7TS4=",
            "metadata_startup_script": "sudo apt-get update \u0026\u0026 sudo apt-get install nginx -y",
            "min_cpu_platform": "",
            "name": "teste-vm-db-0",
            "network_interface": [
              {
                "access_config": [
                  {
                    "nat_ip": "35.226.9.84",
                    "network_tier": "PREMIUM",
                    "public_ptr_domain_name": ""
                  }
                ],
                "alias_ip_range": [],
                "name": "nic0",
                "network": "https://www.googleapis.com/compute/v1/projects/balao-magico/global/networks/default",
                "network_ip": "10.128.0.40",
                "subnetwork": "https://www.googleapis.com/compute/v1/projects/balao-magico/regions/us-central1/subnetworks/default",
                "subnetwork_project": "balao-magico"
              }
            ],
            "project": "balao-magico",
            "resource_policies": null,
            "scheduling": [
              {
                "automatic_restart": true,
                "node_affinities": [],
                "on_host_maintenance": "MIGRATE",
                "preemptible": false
              }
            ],
            "scratch_disk": [],
            "self_link": "https://www.googleapis.com/compute/v1/projects/balao-magico/zones/us-central1-a/instances/teste-vm-db-0",
            "service_account": [],
            "shielded_instance_config": [],
            "tags": null,
            "tags_fingerprint": "42WmSpB8rSM=",
            "timeouts": null,
            "zone": "us-central1-a"
          },
          "sensitive_attributes": [],
          "private": "eyJlMmJmYjczMC1lY2FhLTExZTYtOGY4OC0zNDM2M2JjN2M0YzAiOnsiY3JlYXRlIjoxMjAwMDAwMDAwMDAwLCJkZWxldGUiOjEyMDAwMDAwMDAwMDAsInVwZGF0ZSI6MTIwMDAwMDAwMDAwMH0sInNjaGVtYV92ZXJzaW9uIjoiNiJ9"
        },
        {
          "index_key": 1,
          "schema_version": 6,
          "attributes": {
            "allow_stopping_for_update": true,
            "attached_disk": [],
            "boot_disk": [
              {
                "auto_delete": true,
                "device_name": "persistent-disk-0",
                "disk_encryption_key_raw": "",
                "disk_encryption_key_sha256": "",
                "initialize_params": [
                  {
                    "image": "https://www.googleapis.com/compute/v1/projects/debian-cloud/global/images/debian-9-stretch-v20210217",
                    "labels": {},
                    "size": 10,
                    "type": "pd-standard"
                  }
                ],
                "kms_key_self_link": "",
                "mode": "READ_WRITE",
                "source": "https://www.googleapis.com/compute/v1/projects/balao-magico/zones/us-central1-a/disks/teste-vm-db-1"
              }
            ],
            "can_ip_forward": false,
            "confidential_instance_config": [],
            "cpu_platform": "Intel Haswell",
            "current_status": "RUNNING",
            "deletion_protection": false,
            "description": "",
            "desired_status": null,
            "enable_display": false,
            "guest_accelerator": [],
            "hostname": "",
            "id": "projects/balao-magico/zones/us-central1-a/instances/teste-vm-db-1",
            "instance_id": "8094657404923217918",
            "label_fingerprint": "42WmSpB8rSM=",
            "labels": null,
            "machine_type": "f1-micro",
            "metadata": {
              "ssh-keys": "admin:ssh-rsa AAAAB3NzaC1yc2EAAAADAQABAAABAQC9uYBWftQDm8HssI28rsx1lLvmBCbfF/MOVDoULTAlpvEc+jqVQ0/E/Ti1MZinZKxOz43zxA6MF/CNY7qZkDHQUp4/PE8P5USMPGcPAGA+MhN7UE1cZ7Ylbq2L2t+Zdkw43oBWCDanP+G2PzT3UomTseWE9JRvVboJ435kmnRgC3fOPUn5A3tPwj/5jpAXmb/4CvfFuIFc2HqzpfNIA4PcPa48HZfzGoQDu1pZEYyHw5LLX8JfKo79UzY/N75KBYarQ9g4OTai08JE7idxBcsn9aE29RM+EoHTdbbMo6He19ZRRnrNZQXbwO3InbHEs/BaOHwynvpXQsEm4M8gp6rT fribeiro@debian"
            },
            "metadata_fingerprint": "WjaLkdH7TS4=",
            "metadata_startup_script": "sudo apt-get update \u0026\u0026 sudo apt-get install nginx -y",
            "min_cpu_platform": "",
            "name": "teste-vm-db-1",
            "network_interface": [
              {
                "access_config": [
                  {
                    "nat_ip": "35.239.212.2",
                    "network_tier": "PREMIUM",
                    "public_ptr_domain_name": ""
                  }
                ],
                "alias_ip_range": [],
                "name": "nic0",
                "network": "https://www.googleapis.com/compute/v1/projects/balao-magico/global/networks/default",
                "network_ip": "10.128.0.41",
                "subnetwork": "https://www.googleapis.com/compute/v1/projects/balao-magico/regions/us-central1/subnetworks/default",
                "subnetwork_project": "balao-magico"
              }
            ],
            "project": "balao-magico",
            "resource_policies": null,
            "scheduling": [
              {
                "automatic_restart": true,
                "node_affinities": [],
                "on_host_maintenance": "MIGRATE",
                "preemptible": false
              }
            ],
            "scratch_disk": [],
            "self_link": "https://www.googleapis.com/compute/v1/projects/balao-magico/zones/us-central1-a/instances/teste-vm-db-1",
            "service_account": [],
            "shielded_instance_config": [],
            "tags": null,
            "tags_fingerprint": "42WmSpB8rSM=",
            "timeouts": null,
            "zone": "us-central1-a"
          },
          "sensitive_attributes": [],
          "private": "eyJlMmJmYjczMC1lY2FhLTExZTYtOGY4OC0zNDM2M2JjN2M0YzAiOnsiY3JlYXRlIjoxMjAwMDAwMDAwMDAwLCJkZWxldGUiOjEyMDAwMDAwMDAwMDAsInVwZGF0ZSI6MTIwMDAwMDAwMDAwMH0sInNjaGVtYV92ZXJzaW9uIjoiNiJ9"
        },
        {
          "index_key": 2,
          "schema_version": 6,
          "attributes": {
            "allow_stopping_for_update": true,
            "attached_disk": [],
            "boot_disk": [
              {
                "auto_delete": true,
                "device_name": "persistent-disk-0",
                "disk_encryption_key_raw": "",
                "disk_encryption_key_sha256": "",
                "initialize_params": [
                  {
                    "image": "https://www.googleapis.com/compute/v1/projects/debian-cloud/global/images/debian-9-stretch-v20210217",
                    "labels": {},
                    "size": 10,
                    "type": "pd-standard"
                  }
                ],
                "kms_key_self_link": "",
                "mode": "READ_WRITE",
                "source": "https://www.googleapis.com/compute/v1/projects/balao-magico/zones/us-central1-a/disks/teste-vm-db-2"
              }
            ],
            "can_ip_forward": false,
            "confidential_instance_config": [],
            "cpu_platform": "Intel Haswell",
            "current_status": "RUNNING",
            "deletion_protection": false,
            "description": "",
            "desired_status": null,
            "enable_display": false,
            "guest_accelerator": [],
            "hostname": "",
            "id": "projects/balao-magico/zones/us-central1-a/instances/teste-vm-db-2",
            "instance_id": "2281181387512809470",
            "label_fingerprint": "42WmSpB8rSM=",
            "labels": null,
            "machine_type": "f1-micro",
            "metadata": {
              "ssh-keys": "admin:ssh-rsa AAAAB3NzaC1yc2EAAAADAQABAAABAQC9uYBWftQDm8HssI28rsx1lLvmBCbfF/MOVDoULTAlpvEc+jqVQ0/E/Ti1MZinZKxOz43zxA6MF/CNY7qZkDHQUp4/PE8P5USMPGcPAGA+MhN7UE1cZ7Ylbq2L2t+Zdkw43oBWCDanP+G2PzT3UomTseWE9JRvVboJ435kmnRgC3fOPUn5A3tPwj/5jpAXmb/4CvfFuIFc2HqzpfNIA4PcPa48HZfzGoQDu1pZEYyHw5LLX8JfKo79UzY/N75KBYarQ9g4OTai08JE7idxBcsn9aE29RM+EoHTdbbMo6He19ZRRnrNZQXbwO3InbHEs/BaOHwynvpXQsEm4M8gp6rT fribeiro@debian"
            },
            "metadata_fingerprint": "WjaLkdH7TS4=",
            "metadata_startup_script": "sudo apt-get update \u0026\u0026 sudo apt-get install nginx -y",
            "min_cpu_platform": "",
            "name": "teste-vm-db-2",
            "network_interface": [
              {
                "access_config": [
                  {
                    "nat_ip": "34.72.62.133",
                    "network_tier": "PREMIUM",
                    "public_ptr_domain_name": ""
                  }
                ],
                "alias_ip_range": [],
                "name": "nic0",
                "network": "https://www.googleapis.com/compute/v1/projects/balao-magico/global/networks/default",
                "network_ip": "10.128.0.42",
                "subnetwork": "https://www.googleapis.com/compute/v1/projects/balao-magico/regions/us-central1/subnetworks/default",
                "subnetwork_project": "balao-magico"
              }
            ],
            "project": "balao-magico",
            "resource_policies": null,
            "scheduling": [
              {
                "automatic_restart": true,
                "node_affinities": [],
                "on_host_maintenance": "MIGRATE",
                "preemptible": false
              }
            ],
            "scratch_disk": [],
            "self_link": "https://www.googleapis.com/compute/v1/projects/balao-magico/zones/us-central1-a/instances/teste-vm-db-2",
            "service_account": [],
            "shielded_instance_config": [],
            "tags": null,
            "tags_fingerprint": "42WmSpB8rSM=",
            "timeouts": null,
            "zone": "us-central1-a"
          },
          "sensitive_attributes": [],
          "private": "eyJlMmJmYjczMC1lY2FhLTExZTYtOGY4OC0zNDM2M2JjN2M0YzAiOnsiY3JlYXRlIjoxMjAwMDAwMDAwMDAwLCJkZWxldGUiOjEyMDAwMDAwMDAwMDAsInVwZGF0ZSI6MTIwMDAwMDAwMDAwMH0sInNjaGVtYV92ZXJzaW9uIjoiNiJ9"
        }
      ]
    }
  ]
}
